
Microsoft Visual Studio Solution File, Format Version 12.00
# Visual Studio 15
VisualStudioVersion = 15.0.28307.329
MinimumVisualStudioVersion = 10.0.40219.1
Project("{FAE04EC0-301F-11D3-BF4B-00C04F79EFBC}") = "PhoneManager", "PhoneManager\PhoneManager.csproj", "{897A6766-BBE0-47D6-BFD0-AE913236BEA6}"
EndProject
Project("{FAE04EC0-301F-11D3-BF4B-00C04F79EFBC}") = "PhoneManager.Api", "PhoneManager.Api\PhoneManager.Api.csproj", "{64A98E06-FAC7-4E9F-B75D-279D5C1936A4}"
EndProject
Project("{FAE04EC0-301F-11D3-BF4B-00C04F79EFBC}") = "PhoneManager.Api.Test", "PhoneManager.Api.Test\PhoneManager.Api.Test.csproj", "{6185D106-95A6-477C-97F9-DE5993BFF978}"
EndProject
Global
	GlobalSection(SolutionConfigurationPlatforms) = preSolution
		Debug|Any CPU = Debug|Any CPU
		Release|Any CPU = Release|Any CPU
	EndGlobalSection
	GlobalSection(ProjectConfigurationPlatforms) = postSolution
		{897A6766-BBE0-47D6-BFD0-AE913236BEA6}.Debug|Any CPU.ActiveCfg = Debug|Any CPU
		{897A6766-BBE0-47D6-BFD0-AE913236BEA6}.Debug|Any CPU.Build.0 = Debug|Any CPU
		{897A6766-BBE0-47D6-BFD0-AE913236BEA6}.Release|Any CPU.ActiveCfg = Release|Any CPU
		{897A6766-BBE0-47D6-BFD0-AE913236BEA6}.Release|Any CPU.Build.0 = Release|Any CPU
		{64A98E06-FAC7-4E9F-B75D-279D5C1936A4}.Debug|Any CPU.ActiveCfg = Debug|Any CPU
		{64A98E06-FAC7-4E9F-B75D-279D5C1936A4}.Debug|Any CPU.Build.0 = Debug|Any CPU
		{64A98E06-FAC7-4E9F-B75D-279D5C1936A4}.Release|Any CPU.ActiveCfg = Release|Any CPU
		{64A98E06-FAC7-4E9F-B75D-279D5C1936A4}.Release|Any CPU.Build.0 = Release|Any CPU
		{6185D106-95A6-477C-97F9-DE5993BFF978}.Debug|Any CPU.ActiveCfg = Debug|Any CPU
		{6185D106-95A6-477C-97F9-DE5993BFF978}.Debug|Any CPU.Build.0 = Debug|Any CPU
		{6185D106-95A6-477C-97F9-DE5993BFF978}.Release|Any CPU.ActiveCfg = Release|Any CPU
		{6185D106-95A6-477C-97F9-DE5993BFF978}.Release|Any CPU.Build.0 = Release|Any CPU
	EndGlobalSection
	GlobalSection(SolutionProperties) = preSolution
		HideSolutionNode = FALSE
	EndGlobalSection
	GlobalSection(ExtensibilityGlobals) = postSolution
		SolutionGuid = {514BB804-D8CB-4816-8823-50CC47509F37}
	EndGlobalSection
EndGlobal
